
Microsoft Visual Studio Solution File, Format Version 12.00
# Visual Studio Version 16
VisualStudioVersion = 16.0.33801.447
MinimumVisualStudioVersion = 10.0.40219.1
Project("{8BC9CEB8-8B4A-11D0-8D11-00A0C91BC942}") = "Class1", "Class1\Class1.vcxproj", "{89788187-8110-4A2A-B128-908E852AF13B}"
EndProject
Project("{8BC9CEB8-8B4A-11D0-8D11-00A0C91BC942}") = "Class2", "Class2\Class2.vcxproj", "{8FBD27D3-8688-45BA-A6AF-121B28F4F2EC}"
EndProject
Global
	GlobalSection(SolutionConfigurationPlatforms) = preSolution
		Debug|x64 = Debug|x64
		Debug|x86 = Debug|x86
		Release|x64 = Release|x64
		Release|x86 = Release|x86
	EndGlobalSection
	GlobalSection(ProjectConfigurationPlatforms) = postSolution
		{89788187-8110-4A2A-B128-908E852AF13B}.Debug|x64.ActiveCfg = Debug|x64
		{89788187-8110-4A2A-B128-908E852AF13B}.Debug|x64.Build.0 = Debug|x64
		{89788187-8110-4A2A-B128-908E852AF13B}.Debug|x86.ActiveCfg = Debug|Win32
		{89788187-8110-4A2A-B128-908E852AF13B}.Debug|x86.Build.0 = Debug|Win32
		{89788187-8110-4A2A-B128-908E852AF13B}.Release|x64.ActiveCfg = Release|x64
		{89788187-8110-4A2A-B128-908E852AF13B}.Release|x64.Build.0 = Release|x64
		{89788187-8110-4A2A-B128-908E852AF13B}.Release|x86.ActiveCfg = Release|Win32
		{89788187-8110-4A2A-B128-908E852AF13B}.Release|x86.Build.0 = Release|Win32
		{8FBD27D3-8688-45BA-A6AF-121B28F4F2EC}.Debug|x64.ActiveCfg = Debug|x64
		{8FBD27D3-8688-45BA-A6AF-121B28F4F2EC}.Debug|x64.Build.0 = Debug|x64
		{8FBD27D3-8688-45BA-A6AF-121B28F4F2EC}.Debug|x86.ActiveCfg = Debug|Win32
		{8FBD27D3-8688-45BA-A6AF-121B28F4F2EC}.Debug|x86.Build.0 = Debug|Win32
		{8FBD27D3-8688-45BA-A6AF-121B28F4F2EC}.Release|x64.ActiveCfg = Release|x64
		{8FBD27D3-8688-45BA-A6AF-121B28F4F2EC}.Release|x64.Build.0 = Release|x64
		{8FBD27D3-8688-45BA-A6AF-121B28F4F2EC}.Release|x86.ActiveCfg = Release|Win32
		{8FBD27D3-8688-45BA-A6AF-121B28F4F2EC}.Release|x86.Build.0 = Release|Win32
	EndGlobalSection
	GlobalSection(SolutionProperties) = preSolution
		HideSolutionNode = FALSE
	EndGlobalSection
	GlobalSection(ExtensibilityGlobals) = postSolution
		SolutionGuid = {CB8BEE99-2BCA-4603-A31A-76513B36853C}
	EndGlobalSection
EndGlobal
